
Microsoft Visual Studio Solution File, Format Version 12.00
# Visual Studio Version 17
VisualStudioVersion = 17.0.32112.339
MinimumVisualStudioVersion = 10.0.40219.1
Project("{9A19103F-16F7-4668-BE54-9A1E7A4F7556}") = "ChessLibrary", "ChessLibrary\ChessLibrary.csproj", "{D8C63FAC-50CB-4C46-AF15-2BA8A883A439}"
EndProject
Project("{9A19103F-16F7-4668-BE54-9A1E7A4F7556}") = "ChessUnitTests", "ChessUnitTests\ChessUnitTests.csproj", "{BA19CE33-B741-40AA-85B1-2E2044BE8F57}"
EndProject
Project("{FAE04EC0-301F-11D3-BF4B-00C04F79EFBC}") = "ChessBenchmarks", "ChessBenchmarks\ChessBenchmarks.csproj", "{03B214BA-A88E-4DCC-B64E-361629C0DA83}"
EndProject
Global
	GlobalSection(SolutionConfigurationPlatforms) = preSolution
		Debug|Any CPU = Debug|Any CPU
		Release|Any CPU = Release|Any CPU
	EndGlobalSection
	GlobalSection(ProjectConfigurationPlatforms) = postSolution
		{D8C63FAC-50CB-4C46-AF15-2BA8A883A439}.Debug|Any CPU.ActiveCfg = Debug|Any CPU
		{D8C63FAC-50CB-4C46-AF15-2BA8A883A439}.Debug|Any CPU.Build.0 = Debug|Any CPU
		{D8C63FAC-50CB-4C46-AF15-2BA8A883A439}.Release|Any CPU.ActiveCfg = Release|Any CPU
		{D8C63FAC-50CB-4C46-AF15-2BA8A883A439}.Release|Any CPU.Build.0 = Release|Any CPU
		{BA19CE33-B741-40AA-85B1-2E2044BE8F57}.Debug|Any CPU.ActiveCfg = Debug|Any CPU
		{BA19CE33-B741-40AA-85B1-2E2044BE8F57}.Debug|Any CPU.Build.0 = Debug|Any CPU
		{BA19CE33-B741-40AA-85B1-2E2044BE8F57}.Release|Any CPU.ActiveCfg = Release|Any CPU
		{BA19CE33-B741-40AA-85B1-2E2044BE8F57}.Release|Any CPU.Build.0 = Release|Any CPU
		{03B214BA-A88E-4DCC-B64E-361629C0DA83}.Debug|Any CPU.ActiveCfg = Debug|Any CPU
		{03B214BA-A88E-4DCC-B64E-361629C0DA83}.Debug|Any CPU.Build.0 = Debug|Any CPU
		{03B214BA-A88E-4DCC-B64E-361629C0DA83}.Release|Any CPU.ActiveCfg = Release|Any CPU
		{03B214BA-A88E-4DCC-B64E-361629C0DA83}.Release|Any CPU.Build.0 = Release|Any CPU
	EndGlobalSection
	GlobalSection(SolutionProperties) = preSolution
		HideSolutionNode = FALSE
	EndGlobalSection
	GlobalSection(ExtensibilityGlobals) = postSolution
		SolutionGuid = {CAA3E771-52DC-4D73-BB28-593C7F202B57}
	EndGlobalSection
EndGlobal
